
Microsoft Visual Studio Solution File, Format Version 12.00
# Visual Studio Version 17
VisualStudioVersion = 17.8.34601.278
MinimumVisualStudioVersion = 10.0.40219.1
Project("{FAE04EC0-301F-11D3-BF4B-00C04F79EFBC}") = "DZ_26.02.2024_2", "DZ_26.02.2024_2\DZ_26.02.2024_2.csproj", "{5E72C971-A80C-4368-9D30-2834443EBBCE}"
EndProject
Global
	GlobalSection(SolutionConfigurationPlatforms) = preSolution
		Debug|Any CPU = Debug|Any CPU
		Release|Any CPU = Release|Any CPU
	EndGlobalSection
	GlobalSection(ProjectConfigurationPlatforms) = postSolution
		{5E72C971-A80C-4368-9D30-2834443EBBCE}.Debug|Any CPU.ActiveCfg = Debug|Any CPU
		{5E72C971-A80C-4368-9D30-2834443EBBCE}.Debug|Any CPU.Build.0 = Debug|Any CPU
		{5E72C971-A80C-4368-9D30-2834443EBBCE}.Release|Any CPU.ActiveCfg = Release|Any CPU
		{5E72C971-A80C-4368-9D30-2834443EBBCE}.Release|Any CPU.Build.0 = Release|Any CPU
	EndGlobalSection
	GlobalSection(SolutionProperties) = preSolution
		HideSolutionNode = FALSE
	EndGlobalSection
	GlobalSection(ExtensibilityGlobals) = postSolution
		SolutionGuid = {2E3195EF-0EEB-4904-9CCF-A24475C7E0A1}
	EndGlobalSection
EndGlobal
